
Microsoft Visual Studio Solution File, Format Version 12.00
# Visual Studio Version 16
VisualStudioVersion = 16.0.30816.121
MinimumVisualStudioVersion = 10.0.40219.1
Project("{888888A0-9F3D-457C-B088-3A5042F75D52}") = "API", "OC7\API.pyproj", "{CDD20110-E4AE-4B36-B421-A0BD2F96CD34}"
EndProject
Global
	GlobalSection(SolutionConfigurationPlatforms) = preSolution
		Debug|Any CPU = Debug|Any CPU
		Release|Any CPU = Release|Any CPU
	EndGlobalSection
	GlobalSection(ProjectConfigurationPlatforms) = postSolution
		{CDD20110-E4AE-4B36-B421-A0BD2F96CD34}.Debug|Any CPU.ActiveCfg = Debug|Any CPU
		{CDD20110-E4AE-4B36-B421-A0BD2F96CD34}.Release|Any CPU.ActiveCfg = Release|Any CPU
	EndGlobalSection
	GlobalSection(SolutionProperties) = preSolution
		HideSolutionNode = FALSE
	EndGlobalSection
	GlobalSection(ExtensibilityGlobals) = postSolution
		SolutionGuid = {7395B7EA-CBCB-4BBC-9664-10757989ABBB}
	EndGlobalSection
EndGlobal
